{
  "name": "platformsclone",
  "version": "1.0.0",
  "lockfileVersion": 1,
  "requires": true,
  "dependencies": {
    "@petrikovandrey/platforms": {
      "version": "1.0.0",
      "resolved": "https://npm.pkg.github.com/download/@petrikovandrey/platforms/1.0.0/535fe060a3456a323a0f2392004ee33138521877796cc19318cdc6ccaeb8f024",
      "integrity": "sha512-03e0Wh8QKfe5CQyQyoCyRtszHJlPT8FXmy+m5weR1O/Bcfo5GmP3vxiaeVmJGLLVtoP6wE+naFOclXFoGmEyPA=="
    }
  }
}
